// !$*UTF8*$!
{
	archiveVersion = 1;
	classes = {
	};
	objectVersion = 51;
	objects = {

/* Begin PBXBuildFile section */
		124C51D721360016000760BF /* AppDelegate.m in Sources */ = {isa = PBXBuildFile; fileRef = 124C51D621360016000760BF /* AppDelegate.m */; };
		124C51DA21360016000760BF /* ViewController.m in Sources */ = {isa = PBXBuildFile; fileRef = 124C51D921360016000760BF /* ViewController.m */; };
		124C51DD21360016000760BF /* Main.storyboard in Resources */ = {isa = PBXBuildFile; fileRef = 124C51DB21360016000760BF /* Main.storyboard */; };
		124C51DF21360017000760BF /* Assets.xcassets in Resources */ = {isa = PBXBuildFile; fileRef = 124C51DE21360017000760BF /* Assets.xcassets */; };
		124C51E221360017000760BF /* LaunchScreen.storyboard in Resources */ = {isa = PBXBuildFile; fileRef = 124C51E021360017000760BF /* LaunchScreen.storyboard */; };
		124C51E521360017000760BF /* main.m in Sources */ = {isa = PBXBuildFile; fileRef = 124C51E421360017000760BF /* main.m */; };
/* End PBXBuildFile section */

/* Begin PBXContainerItemProxy section */
		124C51EB21360017000760BF /* PBXContainerItemProxy */ = {
			isa = PBXContainerItemProxy;
			containerPortal = 124C51CA21360016000760BF /* Project object */;
			proxyType = 1;
			remoteGlobalIDString = 124C51D121360016000760BF;
			remoteInfo = TemperatureCalculator;
		};
		124C51F621360017000760BF /* PBXContainerItemProxy */ = {
			isa = PBXContainerItemProxy;
			containerPortal = 124C51CA21360016000760BF /* Project object */;
			proxyType = 1;
			remoteGlobalIDString = 124C51D121360016000760BF;
			remoteInfo = TemperatureCalculator;
		};
/* End PBXContainerItemProxy section */

/* Begin PBXFileReference section */
		124C51D221360016000760BF /* TemperatureCalculator.app */ = {isa = PBXFileReference; explicitFileType = wrapper.application; includeInIndex = 0; path = TemperatureCalculator.app; sourceTree = BUILT_PRODUCTS_DIR; };
		124C51D521360016000760BF /* AppDelegate.h */ = {isa = PBXFileReference; lastKnownFileType = sourcecode.c.h; path = AppDelegate.h; sourceTree = "<group>"; };
		124C51D621360016000760BF /* AppDelegate.m */ = {isa = PBXFileReference; lastKnownFileType = sourcecode.c.objc; path = AppDelegate.m; sourceTree = "<group>"; };
		124C51D821360016000760BF /* ViewController.h */ = {isa = PBXFileReference; lastKnownFileType = sourcecode.c.h; path = ViewController.h; sourceTree = "<group>"; };
		124C51D921360016000760BF /* ViewController.m */ = {isa = PBXFileReference; lastKnownFileType = sourcecode.c.objc; path = ViewController.m; sourceTree = "<group>"; };
		124C51DC21360016000760BF /* Base */ = {isa = PBXFileReference; lastKnownFileType = file.storyboard; name = Base; path = Base.lproj/Main.storyboard; sourceTree = "<group>"; };
		124C51DE21360017000760BF /* Assets.xcassets */ = {isa = PBXFileReference; lastKnownFileType = folder.assetcatalog; path = Assets.xcassets; sourceTree = "<group>"; };
		124C51E121360017000760BF /* Base */ = {isa = PBXFileReference; lastKnownFileType = file.storyboard; name = Base; path = Base.lproj/LaunchScreen.storyboard; sourceTree = "<group>"; };
		124C51E321360017000760BF /* Info.plist */ = {isa = PBXFileReference; lastKnownFileType = text.plist.xml; path = Info.plist; sourceTree = "<group>"; };
		124C51E421360017000760BF /* main.m */ = {isa = PBXFileReference; lastKnownFileType = sourcecode.c.objc; path = main.m; sourceTree = "<group>"; };
		124C51EA21360017000760BF /* TemperatureCalculatorTests.xctest */ = {isa = PBXFileReference; explicitFileType = wrapper.cfbundle; includeInIndex = 0; path = TemperatureCalculatorTests.xctest; sourceTree = BUILT_PRODUCTS_DIR; };
		124C51F521360017000760BF /* TemperatureCalculatorUITests.xctest */ = {isa = PBXFileReference; explicitFileType = wrapper.cfbundle; includeInIndex = 0; path = TemperatureCalculatorUITests.xctest; sourceTree = BUILT_PRODUCTS_DIR; };
/* End PBXFileReference section */

/* Begin PBXFrameworksBuildPhase section */
		124C51CF21360016000760BF /* Frameworks */ = {
			isa = PBXFrameworksBuildPhase;
			buildActionMask = 2147483647;
			files = (
			);
			runOnlyForDeploymentPostprocessing = 0;
		};
		124C51E721360017000760BF /* Frameworks */ = {
			isa = PBXFrameworksBuildPhase;
			buildActionMask = 2147483647;
			files = (
			);
			runOnlyForDeploymentPostprocessing = 0;
		};
		124C51F221360017000760BF /* Frameworks */ = {
			isa = PBXFrameworksBuildPhase;
			buildActionMask = 2147483647;
			files = (
			);
			runOnlyForDeploymentPostprocessing = 0;
		};
/* End PBXFrameworksBuildPhase section */

/* Begin PBXGroup section */
		124C51C921360016000760BF = {
			isa = PBXGroup;
			children = (
				124C51D421360016000760BF /* TemperatureCalculator */,
				124C51D321360016000760BF /* Products */,
			);
			sourceTree = "<group>";
		};
		124C51D321360016000760BF /* Products */ = {
			isa = PBXGroup;
			children = (
				124C51D221360016000760BF /* TemperatureCalculator.app */,
				124C51EA21360017000760BF /* TemperatureCalculatorTests.xctest */,
				124C51F521360017000760BF /* TemperatureCalculatorUITests.xctest */,
			);
			name = Products;
			sourceTree = "<group>";
		};
		124C51D421360016000760BF /* TemperatureCalculator */ = {
			isa = PBXGroup;
			children = (
				124C51D521360016000760BF /* AppDelegate.h */,
				124C51D621360016000760BF /* AppDelegate.m */,
				124C51D821360016000760BF /* ViewController.h */,
				124C51D921360016000760BF /* ViewController.m */,
				124C51DB21360016000760BF /* Main.storyboard */,
				124C51DE21360017000760BF /* Assets.xcassets */,
				124C51E021360017000760BF /* LaunchScreen.storyboard */,
				124C51E321360017000760BF /* Info.plist */,
				124C51E421360017000760BF /* main.m */,
			);
			path = TemperatureCalculator;
			sourceTree = "<group>";
		};
/* End PBXGroup section */

/* Begin PBXNativeTarget section */
		124C51D121360016000760BF /* TemperatureCalculator */ = {
			isa = PBXNativeTarget;
			buildConfigurationList = 124C51FE21360017000760BF /* Build configuration list for PBXNativeTarget "TemperatureCalculator" */;
			buildPhases = (
				124C51CE21360016000760BF /* Sources */,
				124C51CF21360016000760BF /* Frameworks */,
				124C51D021360016000760BF /* Resources */,
			);
			buildRules = (
			);
			dependencies = (
			);
			name = TemperatureCalculator;
			productName = TemperatureCalculator;
			productReference = 124C51D221360016000760BF /* TemperatureCalculator.app */;
			productType = "com.apple.product-type.application";
		};
		124C51E921360017000760BF /* TemperatureCalculatorTests */ = {
			isa = PBXNativeTarget;
			buildConfigurationList = 124C520121360017000760BF /* Build configuration list for PBXNativeTarget "TemperatureCalculatorTests" */;
			buildPhases = (
				124C51E621360017000760BF /* Sources */,
				124C51E721360017000760BF /* Frameworks */,
				124C51E821360017000760BF /* Resources */,
			);
			buildRules = (
			);
			dependencies = (
				124C51EC21360017000760BF /* PBXTargetDependency */,
			);
			name = TemperatureCalculatorTests;
			productName = TemperatureCalculatorTests;
			productReference = 124C51EA21360017000760BF /* TemperatureCalculatorTests.xctest */;
			productType = "com.apple.product-type.bundle.unit-test";
		};
		124C51F421360017000760BF /* TemperatureCalculatorUITests */ = {
			isa = PBXNativeTarget;
			buildConfigurationList = 124C520421360017000760BF /* Build configuration list for PBXNativeTarget "TemperatureCalculatorUITests" */;
			buildPhases = (
				124C51F121360017000760BF /* Sources */,
				124C51F221360017000760BF /* Frameworks */,
				124C51F321360017000760BF /* Resources */,
			);
			buildRules = (
			);
			dependencies = (
				124C51F721360017000760BF /* PBXTargetDependency */,
			);
			name = TemperatureCalculatorUITests;
			productName = TemperatureCalculatorUITests;
			productReference = 124C51F521360017000760BF /* TemperatureCalculatorUITests.xctest */;
			productType = "com.apple.product-type.bundle.ui-testing";
		};
/* End PBXNativeTarget section */

/* Begin PBXProject section */
		124C51CA21360016000760BF /* Project object */ = {
			isa = PBXProject;
			attributes = {
				LastUpgradeCheck = 1000;
				ORGANIZATIONNAME = "Aaron Caines";
				TargetAttributes = {
					124C51D121360016000760BF = {
						CreatedOnToolsVersion = 10.0;
					};
					124C51E921360017000760BF = {
						CreatedOnToolsVersion = 10.0;
						TestTargetID = 124C51D121360016000760BF;
					};
					124C51F421360017000760BF = {
						CreatedOnToolsVersion = 10.0;
						TestTargetID = 124C51D121360016000760BF;
					};
				};
			};
			buildConfigurationList = 124C51CD21360016000760BF /* Build configuration list for PBXProject "TemperatureCalculator" */;
			compatibilityVersion = "Xcode 10.0";
			developmentRegion = en;
			hasScannedForEncodings = 0;
			knownRegions = (
				en,
				Base,
			);
			mainGroup = 124C51C921360016000760BF;
			productRefGroup = 124C51D321360016000760BF /* Products */;
			projectDirPath = "";
			projectRoot = "";
			targets = (
				124C51D121360016000760BF /* TemperatureCalculator */,
				124C51E921360017000760BF /* TemperatureCalculatorTests */,
				124C51F421360017000760BF /* TemperatureCalculatorUITests */,
			);
		};
/* End PBXProject section */

/* Begin PBXResourcesBuildPhase section */
		124C51D021360016000760BF /* Resources */ = {
			isa = PBXResourcesBuildPhase;
			buildActionMask = 2147483647;
			files = (
				124C51E221360017000760BF /* LaunchScreen.storyboard in Resources */,
				124C51DF21360017000760BF /* Assets.xcassets in Resources */,
				124C51DD21360016000760BF /* Main.storyboard in Resources */,
			);
			runOnlyForDeploymentPostprocessing = 0;
		};
		124C51E821360017000760BF /* Resources */ = {
			isa = PBXResourcesBuildPhase;
			buildActionMask = 2147483647;
			files = (
			);
			runOnlyForDeploymentPostprocessing = 0;
		};
		124C51F321360017000760BF /* Resources */ = {
			isa = PBXResourcesBuildPhase;
			buildActionMask = 2147483647;
			files = (
			);
			runOnlyForDeploymentPostprocessing = 0;
		};
/* End PBXResourcesBuildPhase section */

/* Begin PBXSourcesBuildPhase section */
		124C51CE21360016000760BF /* Sources */ = {
			isa = PBXSourcesBuildPhase;
			buildActionMask = 2147483647;
			files = (
				124C51DA21360016000760BF /* ViewController.m in Sources */,
				124C51E521360017000760BF /* main.m in Sources */,
				124C51D721360016000760BF /* AppDelegate.m in Sources */,
			);
			runOnlyForDeploymentPostprocessing = 0;
		};
		124C51E621360017000760BF /* Sources */ = {
			isa = PBXSourcesBuildPhase;
			buildActionMask = 2147483647;
			files = (
			);
			runOnlyForDeploymentPostprocessing = 0;
		};
		124C51F121360017000760BF /* Sources */ = {
			isa = PBXSourcesBuildPhase;
			buildActionMask = 2147483647;
			files = (
			);
			runOnlyForDeploymentPostprocessing = 0;
		};
/* End PBXSourcesBuildPhase section */

/* Begin PBXTargetDependency section */
		124C51EC21360017000760BF /* PBXTargetDependency */ = {
			isa = PBXTargetDependency;
			target = 124C51D121360016000760BF /* TemperatureCalculator */;
			targetProxy = 124C51EB21360017000760BF /* PBXContainerItemProxy */;
		};
		124C51F721360017000760BF /* PBXTargetDependency */ = {
			isa = PBXTargetDependency;
			target = 124C51D121360016000760BF /* TemperatureCalculator */;
			targetProxy = 124C51F621360017000760BF /* PBXContainerItemProxy */;
		};
/* End PBXTargetDependency section */

/* Begin PBXVariantGroup section */
		124C51DB21360016000760BF /* Main.storyboard */ = {
			isa = PBXVariantGroup;
			children = (
				124C51DC21360016000760BF /* Base */,
			);
			name = Main.storyboard;
			sourceTree = "<group>";
		};
		124C51E021360017000760BF /* LaunchScreen.storyboard */ = {
			isa = PBXVariantGroup;
			children = (
				124C51E121360017000760BF /* Base */,
			);
			name = LaunchScreen.storyboard;
			sourceTree = "<group>";
		};
/* End PBXVariantGroup section */

/* Begin XCBuildConfiguration section */
		124C51FC21360017000760BF /* Debug */ = {
			isa = XCBuildConfiguration;
			buildSettings = {
				ALWAYS_SEARCH_USER_PATHS = NO;
				CLANG_ANALYZER_NONNULL = YES;
				CLANG_ANALYZER_NUMBER_OBJECT_CONVERSION = YES_AGGRESSIVE;
				CLANG_CXX_LANGUAGE_STANDARD = "gnu++14";
				CLANG_CXX_LIBRARY = "libc++";
				CLANG_ENABLE_MODULES = YES;
				CLANG_ENABLE_OBJC_ARC = YES;
				CLANG_ENABLE_OBJC_WEAK = YES;
				CLANG_WARN_BLOCK_CAPTURE_AUTORELEASING = YES;
				CLANG_WARN_BOOL_CONVERSION = YES;
				CLANG_WARN_COMMA = YES;
				CLANG_WARN_CONSTANT_CONVERSION = YES;
				CLANG_WARN_DEPRECATED_OBJC_IMPLEMENTATIONS = YES;
				CLANG_WARN_DIRECT_OBJC_ISA_USAGE = YES_ERROR;
				CLANG_WARN_DOCUMENTATION_COMMENTS = YES;
				CLANG_WARN_EMPTY_BODY = YES;
				CLANG_WARN_ENUM_CONVERSION = YES;
				CLANG_WARN_INFINITE_RECURSION = YES;
				CLANG_WARN_INT_CONVERSION = YES;
				CLANG_WARN_NON_LITERAL_NULL_CONVERSION = YES;
				CLANG_WARN_OBJC_IMPLICIT_RETAIN_SELF = YES;
				CLANG_WARN_OBJC_LITERAL_CONVERSION = YES;
				CLANG_WARN_OBJC_ROOT_CLASS = YES_ERROR;
				CLANG_WARN_RANGE_LOOP_ANALYSIS = YES;
				CLANG_WARN_STRICT_PROTOTYPES = YES;
				CLANG_WARN_SUSPICIOUS_MOVE = YES;
				CLANG_WARN_UNGUARDED_AVAILABILITY = YES_AGGRESSIVE;
				CLANG_WARN_UNREACHABLE_CODE = YES;
				CLANG_WARN__DUPLICATE_METHOD_MATCH = YES;
				CODE_SIGN_IDENTITY = "iPhone Developer";
				COPY_PHASE_STRIP = NO;
				DEBUG_INFORMATION_FORMAT = dwarf;
				ENABLE_STRICT_OBJC_MSGSEND = YES;
				ENABLE_TESTABILITY = YES;
				GCC_C_LANGUAGE_STANDARD = gnu11;
				GCC_DYNAMIC_NO_PIC = NO;
				GCC_NO_COMMON_BLOCKS = YES;
				GCC_OPTIMIZATION_LEVEL = 0;
				GCC_PREPROCESSOR_DEFINITIONS = (
					"DEBUG=1",
					"$(inherited)",
				);
				GCC_WARN_64_TO_32_BIT_CONVERSION = YES;
				GCC_WARN_ABOUT_RETURN_TYPE = YES_ERROR;
				GCC_WARN_UNDECLARED_SELECTOR = YES;
				GCC_WARN_UNINITIALIZED_AUTOS = YES_AGGRESSIVE;
				GCC_WARN_UNUSED_FUNCTION = YES;
				GCC_WARN_UNUSED_VARIABLE = YES;
				IPHONEOS_DEPLOYMENT_TARGET = 12.0;
				MTL_ENABLE_DEBUG_INFO = INCLUDE_SOURCE;
				MTL_FAST_MATH = YES;
				ONLY_ACTIVE_ARCH = YES;
				SDKROOT = iphoneos;
			};
			name = Debug;
		};
		124C51FD21360017000760BF /* Release */ = {
			isa = XCBuildConfiguration;
			buildSettings = {
				ALWAYS_SEARCH_USER_PATHS = NO;
				CLANG_ANALYZER_NONNULL = YES;
				CLANG_ANALYZER_NUMBER_OBJECT_CONVERSION = YES_AGGRESSIVE;
				CLANG_CXX_LANGUAGE_STANDARD = "gnu++14";
				CLANG_CXX_LIBRARY = "libc++";
				CLANG_ENABLE_MODULES = YES;
				CLANG_ENABLE_OBJC_ARC = YES;
				CLANG_ENABLE_OBJC_WEAK = YES;
				CLANG_WARN_BLOCK_CAPTURE_AUTORELEASING = YES;
				CLANG_WARN_BOOL_CONVERSION = YES;
				CLANG_WARN_COMMA = YES;
				CLANG_WARN_CONSTANT_CONVERSION = YES;
				CLANG_WARN_DEPRECATED_OBJC_IMPLEMENTATIONS = YES;
				CLANG_WARN_DIRECT_OBJC_ISA_USAGE = YES_ERROR;
				CLANG_WARN_DOCUMENTATION_COMMENTS = YES;
				CLANG_WARN_EMPTY_BODY = YES;
				CLANG_WARN_ENUM_CONVERSION = YES;
				CLANG_WARN_INFINITE_RECURSION = YES;
				CLANG_WARN_INT_CONVERSION = YES;
				CLANG_WARN_NON_LITERAL_NULL_CONVERSION = YES;
				CLANG_WARN_OBJC_IMPLICIT_RETAIN_SELF = YES;
				CLANG_WARN_OBJC_LITERAL_CONVERSION = YES;
				CLANG_WARN_OBJC_ROOT_CLASS = YES_ERROR;
				CLANG_WARN_RANGE_LOOP_ANALYSIS = YES;
				CLANG_WARN_STRICT_PROTOTYPES = YES;
				CLANG_WARN_SUSPICIOUS_MOVE = YES;
				CLANG_WARN_UNGUARDED_AVAILABILITY = YES_AGGRESSIVE;
				CLANG_WARN_UNREACHABLE_CODE = YES;
				CLANG_WARN__DUPLICATE_METHOD_MATCH = YES;
				CODE_SIGN_IDENTITY = "iPhone Developer";
				COPY_PHASE_STRIP = NO;
				DEBUG_INFORMATION_FORMAT = "dwarf-with-dsym";
				ENABLE_NS_ASSERTIONS = NO;
				ENABLE_STRICT_OBJC_MSGSEND = YES;
				GCC_C_LANGUAGE_STANDARD = gnu11;
				GCC_NO_COMMON_BLOCKS = YES;
				GCC_WARN_64_TO_32_BIT_CONVERSION = YES;
				GCC_WARN_ABOUT_RETURN_TYPE = YES_ERROR;
				GCC_WARN_UNDECLARED_SELECTOR = YES;
				GCC_WARN_UNINITIALIZED_AUTOS = YES_AGGRESSIVE;
				GCC_WARN_UNUSED_FUNCTION = YES;
				GCC_WARN_UNUSED_VARIABLE = YES;
				IPHONEOS_DEPLOYMENT_TARGET = 12.0;
				MTL_ENABLE_DEBUG_INFO = NO;
				MTL_FAST_MATH = YES;
				SDKROOT = iphoneos;
				VALIDATE_PRODUCT = YES;
			};
			name = Release;
		};
		124C51FF21360017000760BF /* Debug */ = {
			isa = XCBuildConfiguration;
			buildSettings = {
				ASSETCATALOG_COMPILER_APPICON_NAME = AppIcon;
				CODE_SIGN_STYLE = Automatic;
				DEVELOPMENT_TEAM = GR8YTJP3JY;
				INFOPLIST_FILE = TemperatureCalculator/Info.plist;
				LD_RUNPATH_SEARCH_PATHS = (
					"$(inherited)",
					"@executable_path/Frameworks",
				);
				PRODUCT_BUNDLE_IDENTIFIER = com.geekylemondevelopment.TemperatureCalculator;
				PRODUCT_NAME = "$(TARGET_NAME)";
				TARGETED_DEVICE_FAMILY = "1,2";
			};
			name = Debug;
		};
		124C520021360017000760BF /* Release */ = {
			isa = XCBuildConfiguration;
			buildSettings = {
				ASSETCATALOG_COMPILER_APPICON_NAME = AppIcon;
				CODE_SIGN_STYLE = Automatic;
				DEVELOPMENT_TEAM = GR8YTJP3JY;
				INFOPLIST_FILE = TemperatureCalculator/Info.plist;
				LD_RUNPATH_SEARCH_PATHS = (
					"$(inherited)",
					"@executable_path/Frameworks",
				);
				PRODUCT_BUNDLE_IDENTIFIER = com.geekylemondevelopment.TemperatureCalculator;
				PRODUCT_NAME = "$(TARGET_NAME)";
				TARGETED_DEVICE_FAMILY = "1,2";
			};
			name = Release;
		};
		124C520221360017000760BF /* Debug */ = {
			isa = XCBuildConfiguration;
			buildSettings = {
				BUNDLE_LOADER = "$(TEST_HOST)";
				CODE_SIGN_STYLE = Automatic;
				DEVELOPMENT_TEAM = GR8YTJP3JY;
				INFOPLIST_FILE = TemperatureCalculatorTests/Info.plist;
				LD_RUNPATH_SEARCH_PATHS = (
					"$(inherited)",
					"@executable_path/Frameworks",
					"@loader_path/Frameworks",
				);
				PRODUCT_BUNDLE_IDENTIFIER = com.geekylemondevelopment.TemperatureCalculatorTests;
				PRODUCT_NAME = "$(TARGET_NAME)";
				TARGETED_DEVICE_FAMILY = "1,2";
				TEST_HOST = "$(BUILT_PRODUCTS_DIR)/TemperatureCalculator.app/TemperatureCalculator";
			};
			name = Debug;
		};
		124C520321360017000760BF /* Release */ = {
			isa = XCBuildConfiguration;
			buildSettings = {
				BUNDLE_LOADER = "$(TEST_HOST)";
				CODE_SIGN_STYLE = Automatic;
				DEVELOPMENT_TEAM = GR8YTJP3JY;
				INFOPLIST_FILE = TemperatureCalculatorTests/Info.plist;
				LD_RUNPATH_SEARCH_PATHS = (
					"$(inherited)",
					"@executable_path/Frameworks",
					"@loader_path/Frameworks",
				);
				PRODUCT_BUNDLE_IDENTIFIER = com.geekylemondevelopment.TemperatureCalculatorTests;
				PRODUCT_NAME = "$(TARGET_NAME)";
				TARGETED_DEVICE_FAMILY = "1,2";
				TEST_HOST = "$(BUILT_PRODUCTS_DIR)/TemperatureCalculator.app/TemperatureCalculator";
			};
			name = Release;
		};
		124C520521360017000760BF /* Debug */ = {
			isa = XCBuildConfiguration;
			buildSettings = {
				CODE_SIGN_STYLE = Automatic;
				DEVELOPMENT_TEAM = GR8YTJP3JY;
				INFOPLIST_FILE = TemperatureCalculatorUITests/Info.plist;
				LD_RUNPATH_SEARCH_PATHS = (
					"$(inherited)",
					"@executable_path/Frameworks",
					"@loader_path/Frameworks",
				);
				PRODUCT_BUNDLE_IDENTIFIER = com.geekylemondevelopment.TemperatureCalculatorUITests;
				PRODUCT_NAME = "$(TARGET_NAME)";
				TARGETED_DEVICE_FAMILY = "1,2";
				TEST_TARGET_NAME = TemperatureCalculator;
			};
			name = Debug;
		};
		124C520621360017000760BF /* Release */ = {
			isa = XCBuildConfiguration;
			buildSettings = {
				CODE_SIGN_STYLE = Automatic;
				DEVELOPMENT_TEAM = GR8YTJP3JY;
				INFOPLIST_FILE = TemperatureCalculatorUITests/Info.plist;
				LD_RUNPATH_SEARCH_PATHS = (
					"$(inherited)",
					"@executable_path/Frameworks",
					"@loader_path/Frameworks",
				);
				PRODUCT_BUNDLE_IDENTIFIER = com.geekylemondevelopment.TemperatureCalculatorUITests;
				PRODUCT_NAME = "$(TARGET_NAME)";
				TARGETED_DEVICE_FAMILY = "1,2";
				TEST_TARGET_NAME = TemperatureCalculator;
			};
			name = Release;
		};
/* End XCBuildConfiguration section */

/* Begin XCConfigurationList section */
		124C51CD21360016000760BF /* Build configuration list for PBXProject "TemperatureCalculator" */ = {
			isa = XCConfigurationList;
			buildConfigurations = (
				124C51FC21360017000760BF /* Debug */,
				124C51FD21360017000760BF /* Release */,
			);
			defaultConfigurationIsVisible = 0;
			defaultConfigurationName = Release;
		};
		124C51FE21360017000760BF /* Build configuration list for PBXNativeTarget "TemperatureCalculator" */ = {
			isa = XCConfigurationList;
			buildConfigurations = (
				124C51FF21360017000760BF /* Debug */,
				124C520021360017000760BF /* Release */,
			);
			defaultConfigurationIsVisible = 0;
			defaultConfigurationName = Release;
		};
		124C520121360017000760BF /* Build configuration list for PBXNativeTarget "TemperatureCalculatorTests" */ = {
			isa = XCConfigurationList;
			buildConfigurations = (
				124C520221360017000760BF /* Debug */,
				124C520321360017000760BF /* Release */,
			);
			defaultConfigurationIsVisible = 0;
			defaultConfigurationName = Release;
		};
		124C520421360017000760BF /* Build configuration list for PBXNativeTarget "TemperatureCalculatorUITests" */ = {
			isa = XCConfigurationList;
			buildConfigurations = (
				124C520521360017000760BF /* Debug */,
				124C520621360017000760BF /* Release */,
			);
			defaultConfigurationIsVisible = 0;
			defaultConfigurationName = Release;
		};
/* End XCConfigurationList section */
	};
	rootObject = 124C51CA21360016000760BF /* Project object */;
}
