// !$*UTF8*$!
{
	archiveVersion = 1;
	classes = {
	};
	objectVersion = 77;
	objects = {

/* Begin PBXCopyFilesBuildPhase section */
		9FFD0A5B2EB1C98C0094EEA4 /* Embed Libraries */ = {
			isa = PBXCopyFilesBuildPhase;
			buildActionMask = 2147483647;
			dstPath = "";
			dstSubfolderSpec = 10;
			files = (
			);
			name = "Embed Libraries";
			runOnlyForDeploymentPostprocessing = 0;
		};
/* End PBXCopyFilesBuildPhase section */

/* Begin PBXFileReference section */
		9F03C1872EB0932C00193B2D /* To do App.app */ = {isa = PBXFileReference; explicitFileType = wrapper.application; includeInIndex = 0; path = "To do App.app"; sourceTree = BUILT_PRODUCTS_DIR; };
/* End PBXFileReference section */

/* Begin PBXFileSystemSynchronizedGroupBuildPhaseMembershipExceptionSet section */
		9FFD0A5C2EB1C98C0094EEA4 /* Exceptions for "To do App" folder in "Embed Libraries" phase from "To do App" target */ = {
			isa = PBXFileSystemSynchronizedGroupBuildPhaseMembershipExceptionSet;
			attributesByRelativePath = {
				libs/clang/arm64/libLexActivator.dylib = (CodeSignOnCopy, );
			};
			buildPhase = 9FFD0A5B2EB1C98C0094EEA4 /* Embed Libraries */;
			membershipExceptions = (
				libs/clang/arm64/libLexActivator.dylib,
			);
		};
/* End PBXFileSystemSynchronizedGroupBuildPhaseMembershipExceptionSet section */

/* Begin PBXFileSystemSynchronizedRootGroup section */
		9F03C1892EB0932C00193B2D /* To do App */ = {
			isa = PBXFileSystemSynchronizedRootGroup;
			exceptions = (
				9FFD0A5C2EB1C98C0094EEA4 /* Exceptions for "To do App" folder in "Embed Libraries" phase from "To do App" target */,
			);
			path = "To do App";
			sourceTree = "<group>";
		};
/* End PBXFileSystemSynchronizedRootGroup section */

/* Begin PBXFrameworksBuildPhase section */
		9F03C1842EB0932C00193B2D /* Frameworks */ = {
			isa = PBXFrameworksBuildPhase;
			buildActionMask = 2147483647;
			files = (
			);
			runOnlyForDeploymentPostprocessing = 0;
		};
/* End PBXFrameworksBuildPhase section */

/* Begin PBXGroup section */
		9F03C17E2EB0932C00193B2D = {
			isa = PBXGroup;
			children = (
				9F03C1892EB0932C00193B2D /* To do App */,
				9F03C1CE2EB0F60B00193B2D /* Frameworks */,
				9F03C1882EB0932C00193B2D /* Products */,
			);
			sourceTree = "<group>";
		};
		9F03C1882EB0932C00193B2D /* Products */ = {
			isa = PBXGroup;
			children = (
				9F03C1872EB0932C00193B2D /* To do App.app */,
			);
			name = Products;
			sourceTree = "<group>";
		};
		9F03C1CE2EB0F60B00193B2D /* Frameworks */ = {
			isa = PBXGroup;
			children = (
			);
			name = Frameworks;
			sourceTree = "<group>";
		};
/* End PBXGroup section */

/* Begin PBXNativeTarget section */
		9F03C1862EB0932C00193B2D /* To do App */ = {
			isa = PBXNativeTarget;
			buildConfigurationList = 9F03C1992EB0932D00193B2D /* Build configuration list for PBXNativeTarget "To do App" */;
			buildPhases = (
				9F03C1832EB0932C00193B2D /* Sources */,
				9F03C1842EB0932C00193B2D /* Frameworks */,
				9F03C1852EB0932C00193B2D /* Resources */,
				9FFD0A5B2EB1C98C0094EEA4 /* Embed Libraries */,
			);
			buildRules = (
			);
			dependencies = (
			);
			fileSystemSynchronizedGroups = (
				9F03C1892EB0932C00193B2D /* To do App */,
			);
			name = "To do App";
			packageProductDependencies = (
			);
			productName = "To do App";
			productReference = 9F03C1872EB0932C00193B2D /* To do App.app */;
			productType = "com.apple.product-type.application";
		};
/* End PBXNativeTarget section */

/* Begin PBXProject section */
		9F03C17F2EB0932C00193B2D /* Project object */ = {
			isa = PBXProject;
			attributes = {
				BuildIndependentTargetsInParallel = 1;
				LastUpgradeCheck = 2600;
				TargetAttributes = {
					9F03C1862EB0932C00193B2D = {
						CreatedOnToolsVersion = 26.0.1;
					};
				};
			};
			buildConfigurationList = 9F03C1822EB0932C00193B2D /* Build configuration list for PBXProject "To do App" */;
			developmentRegion = en;
			hasScannedForEncodings = 0;
			knownRegions = (
				en,
				Base,
			);
			mainGroup = 9F03C17E2EB0932C00193B2D;
			minimizedProjectReferenceProxies = 1;
			preferredProjectObjectVersion = 77;
			productRefGroup = 9F03C1882EB0932C00193B2D /* Products */;
			projectDirPath = "";
			projectRoot = "";
			targets = (
				9F03C1862EB0932C00193B2D /* To do App */,
			);
		};
/* End PBXProject section */

/* Begin PBXResourcesBuildPhase section */
		9F03C1852EB0932C00193B2D /* Resources */ = {
			isa = PBXResourcesBuildPhase;
			buildActionMask = 2147483647;
			files = (
			);
			runOnlyForDeploymentPostprocessing = 0;
		};
/* End PBXResourcesBuildPhase section */

/* Begin PBXSourcesBuildPhase section */
		9F03C1832EB0932C00193B2D /* Sources */ = {
			isa = PBXSourcesBuildPhase;
			buildActionMask = 2147483647;
			files = (
			);
			runOnlyForDeploymentPostprocessing = 0;
		};
/* End PBXSourcesBuildPhase section */

/* Begin XCBuildConfiguration section */
		9F03C1972EB0932D00193B2D /* Debug */ = {
			isa = XCBuildConfiguration;
			buildSettings = {
				ALWAYS_SEARCH_USER_PATHS = NO;
				ASSETCATALOG_COMPILER_GENERATE_SWIFT_ASSET_SYMBOL_EXTENSIONS = YES;
				CLANG_ANALYZER_NONNULL = YES;
				CLANG_ANALYZER_NUMBER_OBJECT_CONVERSION = YES_AGGRESSIVE;
				CLANG_CXX_LANGUAGE_STANDARD = "gnu++20";
				CLANG_ENABLE_MODULES = YES;
				CLANG_ENABLE_OBJC_ARC = YES;
				CLANG_ENABLE_OBJC_WEAK = YES;
				CLANG_WARN_BLOCK_CAPTURE_AUTORELEASING = YES;
				CLANG_WARN_BOOL_CONVERSION = YES;
				CLANG_WARN_COMMA = YES;
				CLANG_WARN_CONSTANT_CONVERSION = YES;
				CLANG_WARN_DEPRECATED_OBJC_IMPLEMENTATIONS = YES;
				CLANG_WARN_DIRECT_OBJC_ISA_USAGE = YES_ERROR;
				CLANG_WARN_DOCUMENTATION_COMMENTS = YES;
				CLANG_WARN_EMPTY_BODY = YES;
				CLANG_WARN_ENUM_CONVERSION = YES;
				CLANG_WARN_INFINITE_RECURSION = YES;
				CLANG_WARN_INT_CONVERSION = YES;
				CLANG_WARN_NON_LITERAL_NULL_CONVERSION = YES;
				CLANG_WARN_OBJC_IMPLICIT_RETAIN_SELF = YES;
				CLANG_WARN_OBJC_LITERAL_CONVERSION = YES;
				CLANG_WARN_OBJC_ROOT_CLASS = YES_ERROR;
				CLANG_WARN_QUOTED_INCLUDE_IN_FRAMEWORK_HEADER = YES;
				CLANG_WARN_RANGE_LOOP_ANALYSIS = YES;
				CLANG_WARN_STRICT_PROTOTYPES = YES;
				CLANG_WARN_SUSPICIOUS_MOVE = YES;
				CLANG_WARN_UNGUARDED_AVAILABILITY = YES_AGGRESSIVE;
				CLANG_WARN_UNREACHABLE_CODE = YES;
				CLANG_WARN__DUPLICATE_METHOD_MATCH = YES;
				COPY_PHASE_STRIP = NO;
				DEBUG_INFORMATION_FORMAT = dwarf;
				ENABLE_STRICT_OBJC_MSGSEND = YES;
				ENABLE_TESTABILITY = YES;
				ENABLE_USER_SCRIPT_SANDBOXING = YES;
				GCC_C_LANGUAGE_STANDARD = gnu17;
				GCC_DYNAMIC_NO_PIC = NO;
				GCC_NO_COMMON_BLOCKS = YES;
				GCC_OPTIMIZATION_LEVEL = 0;
				GCC_PREPROCESSOR_DEFINITIONS = (
					"DEBUG=1",
					"$(inherited)",
				);
				GCC_WARN_64_TO_32_BIT_CONVERSION = YES;
				GCC_WARN_ABOUT_RETURN_TYPE = YES_ERROR;
				GCC_WARN_UNDECLARED_SELECTOR = YES;
				GCC_WARN_UNINITIALIZED_AUTOS = YES_AGGRESSIVE;
				GCC_WARN_UNUSED_FUNCTION = YES;
				GCC_WARN_UNUSED_VARIABLE = YES;
				LOCALIZATION_PREFERS_STRING_CATALOGS = YES;
				MACOSX_DEPLOYMENT_TARGET = 26.0;
				MTL_ENABLE_DEBUG_INFO = INCLUDE_SOURCE;
				MTL_FAST_MATH = YES;
				ONLY_ACTIVE_ARCH = YES;
				SDKROOT = macosx;
			};
			name = Debug;
		};
		9F03C1982EB0932D00193B2D /* Release */ = {
			isa = XCBuildConfiguration;
			buildSettings = {
				ALWAYS_SEARCH_USER_PATHS = NO;
				ASSETCATALOG_COMPILER_GENERATE_SWIFT_ASSET_SYMBOL_EXTENSIONS = YES;
				CLANG_ANALYZER_NONNULL = YES;
				CLANG_ANALYZER_NUMBER_OBJECT_CONVERSION = YES_AGGRESSIVE;
				CLANG_CXX_LANGUAGE_STANDARD = "gnu++20";
				CLANG_ENABLE_MODULES = YES;
				CLANG_ENABLE_OBJC_ARC = YES;
				CLANG_ENABLE_OBJC_WEAK = YES;
				CLANG_WARN_BLOCK_CAPTURE_AUTORELEASING = YES;
				CLANG_WARN_BOOL_CONVERSION = YES;
				CLANG_WARN_COMMA = YES;
				CLANG_WARN_CONSTANT_CONVERSION = YES;
				CLANG_WARN_DEPRECATED_OBJC_IMPLEMENTATIONS = YES;
				CLANG_WARN_DIRECT_OBJC_ISA_USAGE = YES_ERROR;
				CLANG_WARN_DOCUMENTATION_COMMENTS = YES;
				CLANG_WARN_EMPTY_BODY = YES;
				CLANG_WARN_ENUM_CONVERSION = YES;
				CLANG_WARN_INFINITE_RECURSION = YES;
				CLANG_WARN_INT_CONVERSION = YES;
				CLANG_WARN_NON_LITERAL_NULL_CONVERSION = YES;
				CLANG_WARN_OBJC_IMPLICIT_RETAIN_SELF = YES;
				CLANG_WARN_OBJC_LITERAL_CONVERSION = YES;
				CLANG_WARN_OBJC_ROOT_CLASS = YES_ERROR;
				CLANG_WARN_QUOTED_INCLUDE_IN_FRAMEWORK_HEADER = YES;
				CLANG_WARN_RANGE_LOOP_ANALYSIS = YES;
				CLANG_WARN_STRICT_PROTOTYPES = YES;
				CLANG_WARN_SUSPICIOUS_MOVE = YES;
				CLANG_WARN_UNGUARDED_AVAILABILITY = YES_AGGRESSIVE;
				CLANG_WARN_UNREACHABLE_CODE = YES;
				CLANG_WARN__DUPLICATE_METHOD_MATCH = YES;
				COPY_PHASE_STRIP = NO;
				DEBUG_INFORMATION_FORMAT = "dwarf-with-dsym";
				ENABLE_NS_ASSERTIONS = NO;
				ENABLE_STRICT_OBJC_MSGSEND = YES;
				ENABLE_USER_SCRIPT_SANDBOXING = YES;
				GCC_C_LANGUAGE_STANDARD = gnu17;
				GCC_NO_COMMON_BLOCKS = YES;
				GCC_WARN_64_TO_32_BIT_CONVERSION = YES;
				GCC_WARN_ABOUT_RETURN_TYPE = YES_ERROR;
				GCC_WARN_UNDECLARED_SELECTOR = YES;
				GCC_WARN_UNINITIALIZED_AUTOS = YES_AGGRESSIVE;
				GCC_WARN_UNUSED_FUNCTION = YES;
				GCC_WARN_UNUSED_VARIABLE = YES;
				LOCALIZATION_PREFERS_STRING_CATALOGS = YES;
				MACOSX_DEPLOYMENT_TARGET = 26.0;
				MTL_ENABLE_DEBUG_INFO = NO;
				MTL_FAST_MATH = YES;
				SDKROOT = macosx;
			};
			name = Release;
		};
		9F03C19A2EB0932D00193B2D /* Debug */ = {
			isa = XCBuildConfiguration;
			buildSettings = {
				ASSETCATALOG_COMPILER_APPICON_NAME = AppIcon;
				ASSETCATALOG_COMPILER_GLOBAL_ACCENT_COLOR_NAME = AccentColor;
				CODE_SIGN_STYLE = Automatic;
				COMBINE_HIDPI_IMAGES = YES;
				CURRENT_PROJECT_VERSION = 1;
				ENABLE_APP_SANDBOX = YES;
				ENABLE_USER_SELECTED_FILES = readonly;
				GENERATE_INFOPLIST_FILE = YES;
				INFOPLIST_KEY_NSHumanReadableCopyright = "";
				INFOPLIST_KEY_NSPrincipalClass = NSApplication;
				LD_RUNPATH_SEARCH_PATHS = (
					"$(inherited)",
					"@executable_path/../Frameworks",
				);
				LIBRARY_SEARCH_PATHS = (
					"$(inherited)",
					"$(PROJECT_DIR)/To\\ do\\ App/libs/clang/universal",
					"$(PROJECT_DIR)/To\\ do\\ App/libs/clang/arm64",
					"$(PROJECT_DIR)/To\\ do\\ App/libs/clang/x86_64",
					"$(PROJECT_DIR)/To\\ do\\ App/libs/clang/universal",
					"$(PROJECT_DIR)/To\\ do\\ App/libs/clang/arm64",
					"$(PROJECT_DIR)/To\\ do\\ App/libs/clang/universal",
					"$(PROJECT_DIR)/To\\ do\\ App/libs/clang/arm64",
					"$(PROJECT_DIR)/To\\ do\\ App/libs/clang/arm64",
					"$(PROJECT_DIR)/To\\ do\\ App/libs/clang/universal",
					"$(PROJECT_DIR)/To\\ do\\ App/libs/clang/x86_64",
					"$(PROJECT_DIR)/To\\ do\\ App/libs/clang/arm64",
					"$(PROJECT_DIR)/To\\ do\\ App/libs/clang/universal",
					"$(PROJECT_DIR)/To\\ do\\ App/libs/clang/x86_64",
					"$(PROJECT_DIR)/To\\ do\\ App/libs/clang/arm64",
					"$(PROJECT_DIR)/To\\ do\\ App/libs/clang/universal",
					"$(PROJECT_DIR)/To\\ do\\ App/libs/clang/x86_64",
					"$(PROJECT_DIR)/To\\ do\\ App/libs/clang/arm64",
					"$(PROJECT_DIR)/To\\ do\\ App/libs/clang/universal",
					"$(PROJECT_DIR)/To\\ do\\ App/libs/clang/x86_64",
				);
				MARKETING_VERSION = 1.0;
				PRODUCT_BUNDLE_IDENTIFIER = "Fancy-Text-Creator-Application.To-do-App";
				PRODUCT_NAME = "$(TARGET_NAME)";
				REGISTER_APP_GROUPS = YES;
				STRING_CATALOG_GENERATE_SYMBOLS = YES;
				SWIFT_EMIT_LOC_STRINGS = YES;
			};
			name = Debug;
		};
		9F03C19B2EB0932D00193B2D /* Release */ = {
			isa = XCBuildConfiguration;
			buildSettings = {
				ASSETCATALOG_COMPILER_APPICON_NAME = AppIcon;
				ASSETCATALOG_COMPILER_GLOBAL_ACCENT_COLOR_NAME = AccentColor;
				CODE_SIGN_STYLE = Automatic;
				COMBINE_HIDPI_IMAGES = YES;
				CURRENT_PROJECT_VERSION = 1;
				ENABLE_APP_SANDBOX = YES;
				ENABLE_USER_SELECTED_FILES = readonly;
				GENERATE_INFOPLIST_FILE = YES;
				INFOPLIST_KEY_NSHumanReadableCopyright = "";
				INFOPLIST_KEY_NSPrincipalClass = NSApplication;
				LD_RUNPATH_SEARCH_PATHS = (
					"$(inherited)",
					"@executable_path/../Frameworks",
				);
				LIBRARY_SEARCH_PATHS = (
					"$(inherited)",
					"$(PROJECT_DIR)/To\\ do\\ App/libs/clang/universal",
					"$(PROJECT_DIR)/To\\ do\\ App/libs/clang/arm64",
					"$(PROJECT_DIR)/To\\ do\\ App/libs/clang/x86_64",
					"$(PROJECT_DIR)/To\\ do\\ App/libs/clang/universal",
					"$(PROJECT_DIR)/To\\ do\\ App/libs/clang/arm64",
					"$(PROJECT_DIR)/To\\ do\\ App/libs/clang/universal",
					"$(PROJECT_DIR)/To\\ do\\ App/libs/clang/arm64",
					"$(PROJECT_DIR)/To\\ do\\ App/libs/clang/arm64",
					"$(PROJECT_DIR)/To\\ do\\ App/libs/clang/universal",
					"$(PROJECT_DIR)/To\\ do\\ App/libs/clang/x86_64",
					"$(PROJECT_DIR)/To\\ do\\ App/libs/clang/arm64",
					"$(PROJECT_DIR)/To\\ do\\ App/libs/clang/universal",
					"$(PROJECT_DIR)/To\\ do\\ App/libs/clang/x86_64",
					"$(PROJECT_DIR)/To\\ do\\ App/libs/clang/arm64",
					"$(PROJECT_DIR)/To\\ do\\ App/libs/clang/universal",
					"$(PROJECT_DIR)/To\\ do\\ App/libs/clang/x86_64",
					"$(PROJECT_DIR)/To\\ do\\ App/libs/clang/arm64",
					"$(PROJECT_DIR)/To\\ do\\ App/libs/clang/universal",
					"$(PROJECT_DIR)/To\\ do\\ App/libs/clang/x86_64",
				);
				MARKETING_VERSION = 1.0;
				PRODUCT_BUNDLE_IDENTIFIER = "Fancy-Text-Creator-Application.To-do-App";
				PRODUCT_NAME = "$(TARGET_NAME)";
				REGISTER_APP_GROUPS = YES;
				STRING_CATALOG_GENERATE_SYMBOLS = YES;
				SWIFT_EMIT_LOC_STRINGS = YES;
			};
			name = Release;
		};
/* End XCBuildConfiguration section */

/* Begin XCConfigurationList section */
		9F03C1822EB0932C00193B2D /* Build configuration list for PBXProject "To do App" */ = {
			isa = XCConfigurationList;
			buildConfigurations = (
				9F03C1972EB0932D00193B2D /* Debug */,
				9F03C1982EB0932D00193B2D /* Release */,
			);
			defaultConfigurationIsVisible = 0;
			defaultConfigurationName = Release;
		};
		9F03C1992EB0932D00193B2D /* Build configuration list for PBXNativeTarget "To do App" */ = {
			isa = XCConfigurationList;
			buildConfigurations = (
				9F03C19A2EB0932D00193B2D /* Debug */,
				9F03C19B2EB0932D00193B2D /* Release */,
			);
			defaultConfigurationIsVisible = 0;
			defaultConfigurationName = Release;
		};
/* End XCConfigurationList section */
	};
	rootObject = 9F03C17F2EB0932C00193B2D /* Project object */;
}
